
Microsoft Visual Studio Solution File, Format Version 12.00
# Visual Studio Version 16
VisualStudioVersion = 16.0.30413.136
MinimumVisualStudioVersion = 10.0.40219.1
Project("{FAE04EC0-301F-11D3-BF4B-00C04F79EFBC}") = "PythonCodeBuilder", "PythonCodeBuilder.csproj", "{A9E84298-BF50-46E5-B27C-C59A2EE7C7AD}"
EndProject
Project("{9A19103F-16F7-4668-BE54-9A1E7A4F7556}") = "CodeBuilder", "..\CodeBuilder\CodeBuilder.csproj", "{6BB11F0C-7031-4EE9-9ABF-D82103825508}"
EndProject
Project("{FAE04EC0-301F-11D3-BF4B-00C04F79EFBC}") = "PythonCodeBuilder.Tests", "..\PythonCodeBuilder.Tests\PythonCodeBuilder.Tests.csproj", "{CC0F3505-3758-40F4-85BE-6826C00B80BD}"
EndProject
Global
	GlobalSection(SolutionConfigurationPlatforms) = preSolution
		Debug|Any CPU = Debug|Any CPU
		Release|Any CPU = Release|Any CPU
	EndGlobalSection
	GlobalSection(ProjectConfigurationPlatforms) = postSolution
		{A9E84298-BF50-46E5-B27C-C59A2EE7C7AD}.Debug|Any CPU.ActiveCfg = Debug|Any CPU
		{A9E84298-BF50-46E5-B27C-C59A2EE7C7AD}.Debug|Any CPU.Build.0 = Debug|Any CPU
		{A9E84298-BF50-46E5-B27C-C59A2EE7C7AD}.Release|Any CPU.ActiveCfg = Release|Any CPU
		{A9E84298-BF50-46E5-B27C-C59A2EE7C7AD}.Release|Any CPU.Build.0 = Release|Any CPU
		{6BB11F0C-7031-4EE9-9ABF-D82103825508}.Debug|Any CPU.ActiveCfg = Debug|Any CPU
		{6BB11F0C-7031-4EE9-9ABF-D82103825508}.Debug|Any CPU.Build.0 = Debug|Any CPU
		{6BB11F0C-7031-4EE9-9ABF-D82103825508}.Release|Any CPU.ActiveCfg = Release|Any CPU
		{6BB11F0C-7031-4EE9-9ABF-D82103825508}.Release|Any CPU.Build.0 = Release|Any CPU
		{CC0F3505-3758-40F4-85BE-6826C00B80BD}.Debug|Any CPU.ActiveCfg = Debug|Any CPU
		{CC0F3505-3758-40F4-85BE-6826C00B80BD}.Debug|Any CPU.Build.0 = Debug|Any CPU
		{CC0F3505-3758-40F4-85BE-6826C00B80BD}.Release|Any CPU.ActiveCfg = Release|Any CPU
		{CC0F3505-3758-40F4-85BE-6826C00B80BD}.Release|Any CPU.Build.0 = Release|Any CPU
	EndGlobalSection
	GlobalSection(SolutionProperties) = preSolution
		HideSolutionNode = FALSE
	EndGlobalSection
	GlobalSection(ExtensibilityGlobals) = postSolution
		SolutionGuid = {1ECFCDC6-78AB-41BF-B1B3-1633E081FE8C}
	EndGlobalSection
EndGlobal
